
Microsoft Visual Studio Solution File, Format Version 12.00
# Visual Studio Version 17
VisualStudioVersion = 17.0.31903.59
MinimumVisualStudioVersion = 10.0.40219.1
Project("{2150E333-8FDC-42A3-9474-1A3956D46DE8}") = "tests", "tests", "{0AB3BF05-4346-4AA6-1389-037BE0695223}"
EndProject
Project("{FAE04EC0-301F-11D3-BF4B-00C04F79EFBC}") = "PraestoPay.UnitTests", "tests\PraestoPay.UnitTests\PraestoPay.UnitTests.csproj", "{AFBC45A1-FD88-49E6-A702-277D6723BEFE}"
EndProject
Project("{2150E333-8FDC-42A3-9474-1A3956D46DE8}") = "src", "src", "{827E0CD3-B72D-47B6-A68D-7590B98EB39B}"
EndProject
Project("{FAE04EC0-301F-11D3-BF4B-00C04F79EFBC}") = "PraestoPay.Api", "src\PraestoPay.Api\PraestoPay.Api.csproj", "{CEB33F7F-843F-4678-87D3-5E2CFE3EA30B}"
EndProject
Project("{FAE04EC0-301F-11D3-BF4B-00C04F79EFBC}") = "PraestoPay.Application", "src\PraestoPay.Application\PraestoPay.Application.csproj", "{2731EECA-144F-4A1E-8496-87165FA40B33}"
EndProject
Project("{FAE04EC0-301F-11D3-BF4B-00C04F79EFBC}") = "PraestoPay.Domain", "src\PraestoPay.Domain\PraestoPay.Domain.csproj", "{3620FD60-3061-4319-8743-AA0549542600}"
EndProject
Project("{FAE04EC0-301F-11D3-BF4B-00C04F79EFBC}") = "PraestoPay.Infrastructure", "src\PraestoPay.Infrastructure\PraestoPay.Infrastructure.csproj", "{9E03FAB1-E4B5-4F70-B9EF-85CDC333CE63}"
EndProject
Project("{FAE04EC0-301F-11D3-BF4B-00C04F79EFBC}") = "PraestoPay.Shared", "src\PraestoPay.Shared\PraestoPay.Shared.csproj", "{FE59DFA9-6096-4D53-B27A-72BBF209BE63}"
EndProject
Global
	GlobalSection(SolutionConfigurationPlatforms) = preSolution
		Debug|Any CPU = Debug|Any CPU
		Debug|x64 = Debug|x64
		Debug|x86 = Debug|x86
		Release|Any CPU = Release|Any CPU
		Release|x64 = Release|x64
		Release|x86 = Release|x86
	EndGlobalSection
	GlobalSection(ProjectConfigurationPlatforms) = postSolution
		{AFBC45A1-FD88-49E6-A702-277D6723BEFE}.Debug|Any CPU.ActiveCfg = Debug|Any CPU
		{AFBC45A1-FD88-49E6-A702-277D6723BEFE}.Debug|Any CPU.Build.0 = Debug|Any CPU
		{AFBC45A1-FD88-49E6-A702-277D6723BEFE}.Debug|x64.ActiveCfg = Debug|Any CPU
		{AFBC45A1-FD88-49E6-A702-277D6723BEFE}.Debug|x64.Build.0 = Debug|Any CPU
		{AFBC45A1-FD88-49E6-A702-277D6723BEFE}.Debug|x86.ActiveCfg = Debug|Any CPU
		{AFBC45A1-FD88-49E6-A702-277D6723BEFE}.Debug|x86.Build.0 = Debug|Any CPU
		{AFBC45A1-FD88-49E6-A702-277D6723BEFE}.Release|Any CPU.ActiveCfg = Release|Any CPU
		{AFBC45A1-FD88-49E6-A702-277D6723BEFE}.Release|Any CPU.Build.0 = Release|Any CPU
		{AFBC45A1-FD88-49E6-A702-277D6723BEFE}.Release|x64.ActiveCfg = Release|Any CPU
		{AFBC45A1-FD88-49E6-A702-277D6723BEFE}.Release|x64.Build.0 = Release|Any CPU
		{AFBC45A1-FD88-49E6-A702-277D6723BEFE}.Release|x86.ActiveCfg = Release|Any CPU
		{AFBC45A1-FD88-49E6-A702-277D6723BEFE}.Release|x86.Build.0 = Release|Any CPU
		{CEB33F7F-843F-4678-87D3-5E2CFE3EA30B}.Debug|Any CPU.ActiveCfg = Debug|Any CPU
		{CEB33F7F-843F-4678-87D3-5E2CFE3EA30B}.Debug|Any CPU.Build.0 = Debug|Any CPU
		{CEB33F7F-843F-4678-87D3-5E2CFE3EA30B}.Debug|x64.ActiveCfg = Debug|Any CPU
		{CEB33F7F-843F-4678-87D3-5E2CFE3EA30B}.Debug|x64.Build.0 = Debug|Any CPU
		{CEB33F7F-843F-4678-87D3-5E2CFE3EA30B}.Debug|x86.ActiveCfg = Debug|Any CPU
		{CEB33F7F-843F-4678-87D3-5E2CFE3EA30B}.Debug|x86.Build.0 = Debug|Any CPU
		{CEB33F7F-843F-4678-87D3-5E2CFE3EA30B}.Release|Any CPU.ActiveCfg = Release|Any CPU
		{CEB33F7F-843F-4678-87D3-5E2CFE3EA30B}.Release|Any CPU.Build.0 = Release|Any CPU
		{CEB33F7F-843F-4678-87D3-5E2CFE3EA30B}.Release|x64.ActiveCfg = Release|Any CPU
		{CEB33F7F-843F-4678-87D3-5E2CFE3EA30B}.Release|x64.Build.0 = Release|Any CPU
		{CEB33F7F-843F-4678-87D3-5E2CFE3EA30B}.Release|x86.ActiveCfg = Release|Any CPU
		{CEB33F7F-843F-4678-87D3-5E2CFE3EA30B}.Release|x86.Build.0 = Release|Any CPU
		{2731EECA-144F-4A1E-8496-87165FA40B33}.Debug|Any CPU.ActiveCfg = Debug|Any CPU
		{2731EECA-144F-4A1E-8496-87165FA40B33}.Debug|Any CPU.Build.0 = Debug|Any CPU
		{2731EECA-144F-4A1E-8496-87165FA40B33}.Debug|x64.ActiveCfg = Debug|Any CPU
		{2731EECA-144F-4A1E-8496-87165FA40B33}.Debug|x64.Build.0 = Debug|Any CPU
		{2731EECA-144F-4A1E-8496-87165FA40B33}.Debug|x86.ActiveCfg = Debug|Any CPU
		{2731EECA-144F-4A1E-8496-87165FA40B33}.Debug|x86.Build.0 = Debug|Any CPU
		{2731EECA-144F-4A1E-8496-87165FA40B33}.Release|Any CPU.ActiveCfg = Release|Any CPU
		{2731EECA-144F-4A1E-8496-87165FA40B33}.Release|Any CPU.Build.0 = Release|Any CPU
		{2731EECA-144F-4A1E-8496-87165FA40B33}.Release|x64.ActiveCfg = Release|Any CPU
		{2731EECA-144F-4A1E-8496-87165FA40B33}.Release|x64.Build.0 = Release|Any CPU
		{2731EECA-144F-4A1E-8496-87165FA40B33}.Release|x86.ActiveCfg = Release|Any CPU
		{2731EECA-144F-4A1E-8496-87165FA40B33}.Release|x86.Build.0 = Release|Any CPU
		{3620FD60-3061-4319-8743-AA0549542600}.Debug|Any CPU.ActiveCfg = Debug|Any CPU
		{3620FD60-3061-4319-8743-AA0549542600}.Debug|Any CPU.Build.0 = Debug|Any CPU
		{3620FD60-3061-4319-8743-AA0549542600}.Debug|x64.ActiveCfg = Debug|Any CPU
		{3620FD60-3061-4319-8743-AA0549542600}.Debug|x64.Build.0 = Debug|Any CPU
		{3620FD60-3061-4319-8743-AA0549542600}.Debug|x86.ActiveCfg = Debug|Any CPU
		{3620FD60-3061-4319-8743-AA0549542600}.Debug|x86.Build.0 = Debug|Any CPU
		{3620FD60-3061-4319-8743-AA0549542600}.Release|Any CPU.ActiveCfg = Release|Any CPU
		{3620FD60-3061-4319-8743-AA0549542600}.Release|Any CPU.Build.0 = Release|Any CPU
		{3620FD60-3061-4319-8743-AA0549542600}.Release|x64.ActiveCfg = Release|Any CPU
		{3620FD60-3061-4319-8743-AA0549542600}.Release|x64.Build.0 = Release|Any CPU
		{3620FD60-3061-4319-8743-AA0549542600}.Release|x86.ActiveCfg = Release|Any CPU
		{3620FD60-3061-4319-8743-AA0549542600}.Release|x86.Build.0 = Release|Any CPU
		{9E03FAB1-E4B5-4F70-B9EF-85CDC333CE63}.Debug|Any CPU.ActiveCfg = Debug|Any CPU
		{9E03FAB1-E4B5-4F70-B9EF-85CDC333CE63}.Debug|Any CPU.Build.0 = Debug|Any CPU
		{9E03FAB1-E4B5-4F70-B9EF-85CDC333CE63}.Debug|x64.ActiveCfg = Debug|Any CPU
		{9E03FAB1-E4B5-4F70-B9EF-85CDC333CE63}.Debug|x64.Build.0 = Debug|Any CPU
		{9E03FAB1-E4B5-4F70-B9EF-85CDC333CE63}.Debug|x86.ActiveCfg = Debug|Any CPU
		{9E03FAB1-E4B5-4F70-B9EF-85CDC333CE63}.Debug|x86.Build.0 = Debug|Any CPU
		{9E03FAB1-E4B5-4F70-B9EF-85CDC333CE63}.Release|Any CPU.ActiveCfg = Release|Any CPU
		{9E03FAB1-E4B5-4F70-B9EF-85CDC333CE63}.Release|Any CPU.Build.0 = Release|Any CPU
		{9E03FAB1-E4B5-4F70-B9EF-85CDC333CE63}.Release|x64.ActiveCfg = Release|Any CPU
		{9E03FAB1-E4B5-4F70-B9EF-85CDC333CE63}.Release|x64.Build.0 = Release|Any CPU
		{9E03FAB1-E4B5-4F70-B9EF-85CDC333CE63}.Release|x86.ActiveCfg = Release|Any CPU
		{9E03FAB1-E4B5-4F70-B9EF-85CDC333CE63}.Release|x86.Build.0 = Release|Any CPU
		{FE59DFA9-6096-4D53-B27A-72BBF209BE63}.Debug|Any CPU.ActiveCfg = Debug|Any CPU
		{FE59DFA9-6096-4D53-B27A-72BBF209BE63}.Debug|Any CPU.Build.0 = Debug|Any CPU
		{FE59DFA9-6096-4D53-B27A-72BBF209BE63}.Debug|x64.ActiveCfg = Debug|Any CPU
		{FE59DFA9-6096-4D53-B27A-72BBF209BE63}.Debug|x64.Build.0 = Debug|Any CPU
		{FE59DFA9-6096-4D53-B27A-72BBF209BE63}.Debug|x86.ActiveCfg = Debug|Any CPU
		{FE59DFA9-6096-4D53-B27A-72BBF209BE63}.Debug|x86.Build.0 = Debug|Any CPU
		{FE59DFA9-6096-4D53-B27A-72BBF209BE63}.Release|Any CPU.ActiveCfg = Release|Any CPU
		{FE59DFA9-6096-4D53-B27A-72BBF209BE63}.Release|Any CPU.Build.0 = Release|Any CPU
		{FE59DFA9-6096-4D53-B27A-72BBF209BE63}.Release|x64.ActiveCfg = Release|Any CPU
		{FE59DFA9-6096-4D53-B27A-72BBF209BE63}.Release|x64.Build.0 = Release|Any CPU
		{FE59DFA9-6096-4D53-B27A-72BBF209BE63}.Release|x86.ActiveCfg = Release|Any CPU
		{FE59DFA9-6096-4D53-B27A-72BBF209BE63}.Release|x86.Build.0 = Release|Any CPU
	EndGlobalSection
	GlobalSection(SolutionProperties) = preSolution
		HideSolutionNode = FALSE
	EndGlobalSection
	GlobalSection(NestedProjects) = preSolution
		{AFBC45A1-FD88-49E6-A702-277D6723BEFE} = {0AB3BF05-4346-4AA6-1389-037BE0695223}
		{CEB33F7F-843F-4678-87D3-5E2CFE3EA30B} = {827E0CD3-B72D-47B6-A68D-7590B98EB39B}
		{2731EECA-144F-4A1E-8496-87165FA40B33} = {827E0CD3-B72D-47B6-A68D-7590B98EB39B}
		{3620FD60-3061-4319-8743-AA0549542600} = {827E0CD3-B72D-47B6-A68D-7590B98EB39B}
		{9E03FAB1-E4B5-4F70-B9EF-85CDC333CE63} = {827E0CD3-B72D-47B6-A68D-7590B98EB39B}
		{FE59DFA9-6096-4D53-B27A-72BBF209BE63} = {827E0CD3-B72D-47B6-A68D-7590B98EB39B}
	EndGlobalSection
EndGlobal
